{
  "nodes": {
    "esdbclient": {
      "inputs": {
        "flake-utils": [
          "pythoneda-shared-pythonlang-infrastructure",
          "flake-utils"
        ],
        "nixpkgs": [
          "pythoneda-shared-pythonlang-infrastructure",
          "nixpkgs"
        ]
      },
      "locked": {
        "dir": "esdbclient",
        "lastModified": 1733507692,
        "narHash": "sha256-IBPBdUFCp/HAlg/LMHlf5yW9SILoyEota9r14C1983w=",
        "owner": "rydnr",
        "repo": "nix-flakes",
        "rev": "d810b75bee44f2049a1769d99493636d7e631632",
        "type": "github"
      },
      "original": {
        "dir": "esdbclient",
        "owner": "rydnr",
        "ref": "esdbclient-1.1.3.1",
        "repo": "nix-flakes",
        "type": "github"
      }
    },
    "flake-utils": {
      "locked": {
        "lastModified": 1652776076,
        "narHash": "sha256-gzTw/v1vj4dOVbpBSJX4J0DwUR6LIyXo7/SuuTJp1kM=",
        "owner": "numtide",
        "repo": "flake-utils",
        "rev": "04c1b180862888302ddfb2e3ad9eaa63afc60cf8",
        "type": "github"
      },
      "original": {
        "owner": "numtide",
        "ref": "v1.0.0",
        "repo": "flake-utils",
        "type": "github"
      }
    },
    "nixpkgs": {
      "locked": {
        "lastModified": 1717179513,
        "narHash": "sha256-vboIEwIQojofItm2xGCdZCzW96U85l9nDW3ifMuAIdM=",
        "owner": "NixOS",
        "repo": "nixpkgs",
        "rev": "63dacb46bf939521bdc93981b4cbb7ecb58427a0",
        "type": "github"
      },
      "original": {
        "owner": "NixOS",
        "ref": "24.05",
        "repo": "nixpkgs",
        "type": "github"
      }
    },
    "pythoneda-shared-pythonlang-banner": {
      "inputs": {
        "flake-utils": [
          "flake-utils"
        ],
        "nixpkgs": [
          "nixpkgs"
        ]
      },
      "locked": {
        "lastModified": 1737618444,
        "narHash": "sha256-0ruzvKWBnurOs9e4X3PhTWg1/MeRvIVtXzK+AMooSCA=",
        "owner": "pythoneda-shared-pythonlang-def",
        "repo": "banner",
        "rev": "541d9cd0580e9454cb93e6fa77b879b95dbe2079",
        "type": "github"
      },
      "original": {
        "owner": "pythoneda-shared-pythonlang-def",
        "ref": "0.0.83",
        "repo": "banner",
        "type": "github"
      }
    },
    "pythoneda-shared-pythonlang-domain": {
      "inputs": {
        "flake-utils": [
          "flake-utils"
        ],
        "nixpkgs": [
          "nixpkgs"
        ],
        "pythoneda-shared-pythonlang-banner": [
          "pythoneda-shared-pythonlang-banner"
        ]
      },
      "locked": {
        "lastModified": 1737702834,
        "narHash": "sha256-F2M/6eEO8iBegZm5+cPj1jjDG0yf2g6X1pMEPWnXzdk=",
        "owner": "pythoneda-shared-pythonlang-def",
        "repo": "domain",
        "rev": "a3fcc7b5388f0b69a0aa5e5fb6a0b3378b202f51",
        "type": "github"
      },
      "original": {
        "owner": "pythoneda-shared-pythonlang-def",
        "ref": "0.0.124",
        "repo": "domain",
        "type": "github"
      }
    },
    "pythoneda-shared-pythonlang-domain_2": {
      "inputs": {
        "flake-utils": [
          "pythoneda-shared-pythonlang-infrastructure",
          "flake-utils"
        ],
        "nixpkgs": [
          "pythoneda-shared-pythonlang-infrastructure",
          "nixpkgs"
        ],
        "pythoneda-shared-pythonlang-banner": [
          "pythoneda-shared-pythonlang-infrastructure",
          "pythoneda-shared-pythonlang-banner"
        ]
      },
      "locked": {
        "lastModified": 1737702834,
        "narHash": "sha256-F2M/6eEO8iBegZm5+cPj1jjDG0yf2g6X1pMEPWnXzdk=",
        "owner": "pythoneda-shared-pythonlang-def",
        "repo": "domain",
        "rev": "a3fcc7b5388f0b69a0aa5e5fb6a0b3378b202f51",
        "type": "github"
      },
      "original": {
        "owner": "pythoneda-shared-pythonlang-def",
        "ref": "0.0.124",
        "repo": "domain",
        "type": "github"
      }
    },
    "pythoneda-shared-pythonlang-infrastructure": {
      "inputs": {
        "esdbclient": "esdbclient",
        "flake-utils": [
          "flake-utils"
        ],
        "nixpkgs": [
          "nixpkgs"
        ],
        "pythoneda-shared-pythonlang-banner": [
          "pythoneda-shared-pythonlang-banner"
        ],
        "pythoneda-shared-pythonlang-domain": "pythoneda-shared-pythonlang-domain_2"
      },
      "locked": {
        "lastModified": 1737702900,
        "narHash": "sha256-Emuj+k0ZWPfcKg/qwSlME4ZAaSNJSvYOTrKe67Dv5TM=",
        "owner": "pythoneda-shared-pythonlang-def",
        "repo": "infrastructure",
        "rev": "6aa3b1bee2d0ada7cd598a8bf3f78788664ca99c",
        "type": "github"
      },
      "original": {
        "owner": "pythoneda-shared-pythonlang-def",
        "ref": "0.0.97",
        "repo": "infrastructure",
        "type": "github"
      }
    },
    "pythoneda-tools-runtime-flow-inspector": {
      "inputs": {
        "flake-utils": [
          "flake-utils"
        ],
        "nixpkgs": [
          "nixpkgs"
        ],
        "pythoneda-shared-pythonlang-banner": [
          "pythoneda-shared-pythonlang-banner"
        ],
        "pythoneda-shared-pythonlang-domain": [
          "pythoneda-shared-pythonlang-domain"
        ]
      },
      "locked": {
        "lastModified": 1737709076,
        "narHash": "sha256-yajEKMawwL0qSouwb5MVvvG6V5J9FCWiHZhKQhwXYms=",
        "owner": "pythoneda-tools-runtime-def",
        "repo": "flow-inspector",
        "rev": "6c57ba45ad4a1767adc8aef138b14a06b5f3e509",
        "type": "github"
      },
      "original": {
        "owner": "pythoneda-tools-runtime-def",
        "ref": "0.0.13",
        "repo": "flow-inspector",
        "type": "github"
      }
    },
    "root": {
      "inputs": {
        "flake-utils": "flake-utils",
        "nixpkgs": "nixpkgs",
        "pythoneda-shared-pythonlang-banner": "pythoneda-shared-pythonlang-banner",
        "pythoneda-shared-pythonlang-domain": "pythoneda-shared-pythonlang-domain",
        "pythoneda-shared-pythonlang-infrastructure": "pythoneda-shared-pythonlang-infrastructure",
        "pythoneda-tools-runtime-flow-inspector": "pythoneda-tools-runtime-flow-inspector"
      }
    }
  },
  "root": "root",
  "version": 7
}
